
Microsoft Visual Studio Solution File, Format Version 12.00
# Visual Studio 15
VisualStudioVersion = 15.0.28010.2048
MinimumVisualStudioVersion = 10.0.40219.1
Project("{FAE04EC0-301F-11D3-BF4B-00C04F79EFBC}") = "WPF_Cross", "WPF_Cross.csproj", "{851B68DD-F99D-46F8-B277-FEC10356A074}"
EndProject
Project("{FAE04EC0-301F-11D3-BF4B-00C04F79EFBC}") = "Cross.Data", "Cross.Data\Cross.Data.csproj", "{9B982AAA-F34F-4C74-BDEB-A94CA314F793}"
EndProject
Project("{FAE04EC0-301F-11D3-BF4B-00C04F79EFBC}") = "Cross.Aggregator", "Cross.Aggregator\Cross.Aggregator.csproj", "{4A3B25BF-B758-4D1E-9635-12DFA01E03CA}"
EndProject
Project("{FAE04EC0-301F-11D3-BF4B-00C04F79EFBC}") = "Cross.Services", "Cross.Services\Cross.Services.csproj", "{256FF45E-488E-407F-86CA-3AFC98C143AF}"
EndProject
Global
	GlobalSection(SolutionConfigurationPlatforms) = preSolution
		Debug|Any CPU = Debug|Any CPU
		Debug|x64 = Debug|x64
		Debug|x86 = Debug|x86
		Release|Any CPU = Release|Any CPU
		Release|x64 = Release|x64
		Release|x86 = Release|x86
	EndGlobalSection
	GlobalSection(ProjectConfigurationPlatforms) = postSolution
		{851B68DD-F99D-46F8-B277-FEC10356A074}.Debug|Any CPU.ActiveCfg = Debug|Any CPU
		{851B68DD-F99D-46F8-B277-FEC10356A074}.Debug|Any CPU.Build.0 = Debug|Any CPU
		{851B68DD-F99D-46F8-B277-FEC10356A074}.Debug|x64.ActiveCfg = Debug|Any CPU
		{851B68DD-F99D-46F8-B277-FEC10356A074}.Debug|x64.Build.0 = Debug|Any CPU
		{851B68DD-F99D-46F8-B277-FEC10356A074}.Debug|x86.ActiveCfg = Debug|Any CPU
		{851B68DD-F99D-46F8-B277-FEC10356A074}.Debug|x86.Build.0 = Debug|Any CPU
		{851B68DD-F99D-46F8-B277-FEC10356A074}.Release|Any CPU.ActiveCfg = Release|Any CPU
		{851B68DD-F99D-46F8-B277-FEC10356A074}.Release|Any CPU.Build.0 = Release|Any CPU
		{851B68DD-F99D-46F8-B277-FEC10356A074}.Release|x64.ActiveCfg = Release|Any CPU
		{851B68DD-F99D-46F8-B277-FEC10356A074}.Release|x64.Build.0 = Release|Any CPU
		{851B68DD-F99D-46F8-B277-FEC10356A074}.Release|x86.ActiveCfg = Release|Any CPU
		{851B68DD-F99D-46F8-B277-FEC10356A074}.Release|x86.Build.0 = Release|Any CPU
		{9B982AAA-F34F-4C74-BDEB-A94CA314F793}.Debug|Any CPU.ActiveCfg = Debug|Any CPU
		{9B982AAA-F34F-4C74-BDEB-A94CA314F793}.Debug|Any CPU.Build.0 = Debug|Any CPU
		{9B982AAA-F34F-4C74-BDEB-A94CA314F793}.Debug|x64.ActiveCfg = Debug|Any CPU
		{9B982AAA-F34F-4C74-BDEB-A94CA314F793}.Debug|x64.Build.0 = Debug|Any CPU
		{9B982AAA-F34F-4C74-BDEB-A94CA314F793}.Debug|x86.ActiveCfg = Debug|Any CPU
		{9B982AAA-F34F-4C74-BDEB-A94CA314F793}.Debug|x86.Build.0 = Debug|Any CPU
		{9B982AAA-F34F-4C74-BDEB-A94CA314F793}.Release|Any CPU.ActiveCfg = Release|Any CPU
		{9B982AAA-F34F-4C74-BDEB-A94CA314F793}.Release|Any CPU.Build.0 = Release|Any CPU
		{9B982AAA-F34F-4C74-BDEB-A94CA314F793}.Release|x64.ActiveCfg = Release|Any CPU
		{9B982AAA-F34F-4C74-BDEB-A94CA314F793}.Release|x64.Build.0 = Release|Any CPU
		{9B982AAA-F34F-4C74-BDEB-A94CA314F793}.Release|x86.ActiveCfg = Release|Any CPU
		{9B982AAA-F34F-4C74-BDEB-A94CA314F793}.Release|x86.Build.0 = Release|Any CPU
		{4A3B25BF-B758-4D1E-9635-12DFA01E03CA}.Debug|Any CPU.ActiveCfg = Debug|Any CPU
		{4A3B25BF-B758-4D1E-9635-12DFA01E03CA}.Debug|Any CPU.Build.0 = Debug|Any CPU
		{4A3B25BF-B758-4D1E-9635-12DFA01E03CA}.Debug|x64.ActiveCfg = Debug|Any CPU
		{4A3B25BF-B758-4D1E-9635-12DFA01E03CA}.Debug|x64.Build.0 = Debug|Any CPU
		{4A3B25BF-B758-4D1E-9635-12DFA01E03CA}.Debug|x86.ActiveCfg = Debug|Any CPU
		{4A3B25BF-B758-4D1E-9635-12DFA01E03CA}.Debug|x86.Build.0 = Debug|Any CPU
		{4A3B25BF-B758-4D1E-9635-12DFA01E03CA}.Release|Any CPU.ActiveCfg = Release|Any CPU
		{4A3B25BF-B758-4D1E-9635-12DFA01E03CA}.Release|Any CPU.Build.0 = Release|Any CPU
		{4A3B25BF-B758-4D1E-9635-12DFA01E03CA}.Release|x64.ActiveCfg = Release|Any CPU
		{4A3B25BF-B758-4D1E-9635-12DFA01E03CA}.Release|x64.Build.0 = Release|Any CPU
		{4A3B25BF-B758-4D1E-9635-12DFA01E03CA}.Release|x86.ActiveCfg = Release|Any CPU
		{4A3B25BF-B758-4D1E-9635-12DFA01E03CA}.Release|x86.Build.0 = Release|Any CPU
		{256FF45E-488E-407F-86CA-3AFC98C143AF}.Debug|Any CPU.ActiveCfg = Debug|Any CPU
		{256FF45E-488E-407F-86CA-3AFC98C143AF}.Debug|Any CPU.Build.0 = Debug|Any CPU
		{256FF45E-488E-407F-86CA-3AFC98C143AF}.Debug|x64.ActiveCfg = Debug|Any CPU
		{256FF45E-488E-407F-86CA-3AFC98C143AF}.Debug|x64.Build.0 = Debug|Any CPU
		{256FF45E-488E-407F-86CA-3AFC98C143AF}.Debug|x86.ActiveCfg = Debug|Any CPU
		{256FF45E-488E-407F-86CA-3AFC98C143AF}.Debug|x86.Build.0 = Debug|Any CPU
		{256FF45E-488E-407F-86CA-3AFC98C143AF}.Release|Any CPU.ActiveCfg = Release|Any CPU
		{256FF45E-488E-407F-86CA-3AFC98C143AF}.Release|Any CPU.Build.0 = Release|Any CPU
		{256FF45E-488E-407F-86CA-3AFC98C143AF}.Release|x64.ActiveCfg = Release|Any CPU
		{256FF45E-488E-407F-86CA-3AFC98C143AF}.Release|x64.Build.0 = Release|Any CPU
		{256FF45E-488E-407F-86CA-3AFC98C143AF}.Release|x86.ActiveCfg = Release|Any CPU
		{256FF45E-488E-407F-86CA-3AFC98C143AF}.Release|x86.Build.0 = Release|Any CPU
	EndGlobalSection
	GlobalSection(SolutionProperties) = preSolution
		HideSolutionNode = FALSE
	EndGlobalSection
	GlobalSection(ExtensibilityGlobals) = postSolution
		SolutionGuid = {36BF491B-9298-4F15-BBD7-C6ED799B1568}
	EndGlobalSection
EndGlobal
